// !$*UTF8*$!
{
	archiveVersion = 1;
	classes = {
	};
	objectVersion = 46;
	objects = {

/* Begin PBXBuildFile section */
		4A8F27948EDA8EB5B83E154A /* libPods-BSBDJ.a in Frameworks */ = {isa = PBXBuildFile; fileRef = 6531B78E6600A84D7294E0DF /* libPods-BSBDJ.a */; };
		929307E31D6BEC7900BB1EC2 /* FZMTarBarController.m in Sources */ = {isa = PBXBuildFile; fileRef = 929307E21D6BEC7900BB1EC2 /* FZMTarBarController.m */; };
		929307E61D6BECBC00BB1EC2 /* FZMEssenceViewController.m in Sources */ = {isa = PBXBuildFile; fileRef = 929307E51D6BECBC00BB1EC2 /* FZMEssenceViewController.m */; };
		929307E91D6BECD800BB1EC2 /* FZMFriendTrendViewController.m in Sources */ = {isa = PBXBuildFile; fileRef = 929307E81D6BECD800BB1EC2 /* FZMFriendTrendViewController.m */; };
		929307EC1D6BECE200BB1EC2 /* FZMMeViewController.m in Sources */ = {isa = PBXBuildFile; fileRef = 929307EB1D6BECE200BB1EC2 /* FZMMeViewController.m */; };
		929307F01D6BECF300BB1EC2 /* FZMNewViewController.m in Sources */ = {isa = PBXBuildFile; fileRef = 929307EF1D6BECF300BB1EC2 /* FZMNewViewController.m */; };
		929307F31D6BED0400BB1EC2 /* FZMPublishViewController.m in Sources */ = {isa = PBXBuildFile; fileRef = 929307F21D6BED0400BB1EC2 /* FZMPublishViewController.m */; };
		929307F61D6BF37100BB1EC2 /* UIImage+FZMExtession.m in Sources */ = {isa = PBXBuildFile; fileRef = 929307F51D6BF37100BB1EC2 /* UIImage+FZMExtession.m */; };
		929307F91D6BF91500BB1EC2 /* NSObject+FZMExtension.m in Sources */ = {isa = PBXBuildFile; fileRef = 929307F81D6BF91500BB1EC2 /* NSObject+FZMExtension.m */; };
		929307FC1D6BF94900BB1EC2 /* UIColor+FZMExtension.m in Sources */ = {isa = PBXBuildFile; fileRef = 929307FB1D6BF94900BB1EC2 /* UIColor+FZMExtension.m */; };
		929308011D6BFC8400BB1EC2 /* FZMTarBar.m in Sources */ = {isa = PBXBuildFile; fileRef = 929308001D6BFC8400BB1EC2 /* FZMTarBar.m */; };
		92AE512D1D6C3A5400F54144 /* FZMADViewController.m in Sources */ = {isa = PBXBuildFile; fileRef = 92AE512B1D6C3A5400F54144 /* FZMADViewController.m */; };
		92AE512E1D6C3A5400F54144 /* FZMADViewController.xib in Resources */ = {isa = PBXBuildFile; fileRef = 92AE512C1D6C3A5400F54144 /* FZMADViewController.xib */; };
		92AE51311D6C3D3600F54144 /* FZMConst.m in Sources */ = {isa = PBXBuildFile; fileRef = 92AE51301D6C3D3600F54144 /* FZMConst.m */; };
		92AE51341D6C419A00F54144 /* XMGADItem.m in Sources */ = {isa = PBXBuildFile; fileRef = 92AE51331D6C419A00F54144 /* XMGADItem.m */; };
		92BC52341D6AE61300400B51 /* main.m in Sources */ = {isa = PBXBuildFile; fileRef = 92BC52331D6AE61300400B51 /* main.m */; };
		92BC52371D6AE61300400B51 /* AppDelegate.m in Sources */ = {isa = PBXBuildFile; fileRef = 92BC52361D6AE61300400B51 /* AppDelegate.m */; };
		92BC523A1D6AE61300400B51 /* ViewController.m in Sources */ = {isa = PBXBuildFile; fileRef = 92BC52391D6AE61300400B51 /* ViewController.m */; };
		92BC523D1D6AE61400400B51 /* Main.storyboard in Resources */ = {isa = PBXBuildFile; fileRef = 92BC523B1D6AE61400400B51 /* Main.storyboard */; };
		92BC523F1D6AE61400400B51 /* Assets.xcassets in Resources */ = {isa = PBXBuildFile; fileRef = 92BC523E1D6AE61400400B51 /* Assets.xcassets */; };
		92BC52421D6AE61400400B51 /* LaunchScreen.storyboard in Resources */ = {isa = PBXBuildFile; fileRef = 92BC52401D6AE61400400B51 /* LaunchScreen.storyboard */; };
		92BC524D1D6AE61500400B51 /* BSBDJTests.m in Sources */ = {isa = PBXBuildFile; fileRef = 92BC524C1D6AE61500400B51 /* BSBDJTests.m */; };
		92BC52581D6AE61600400B51 /* BSBDJUITests.m in Sources */ = {isa = PBXBuildFile; fileRef = 92BC52571D6AE61600400B51 /* BSBDJUITests.m */; };
		92EDBE771D6C223600BF8786 /* UIView+FZMExtension.m in Sources */ = {isa = PBXBuildFile; fileRef = 92EDBE761D6C223600BF8786 /* UIView+FZMExtension.m */; };
		92EDBE7A1D6C232600BF8786 /* UIBarButtonItem+FZMExtension.m in Sources */ = {isa = PBXBuildFile; fileRef = 92EDBE791D6C232600BF8786 /* UIBarButtonItem+FZMExtension.m */; };
		92EDBE7E1D6C272F00BF8786 /* FZMNAavigationController.m in Sources */ = {isa = PBXBuildFile; fileRef = 92EDBE7D1D6C272F00BF8786 /* FZMNAavigationController.m */; };
		92EDBE851D6C2CCB00BF8786 /* FZMSettingViewController.m in Sources */ = {isa = PBXBuildFile; fileRef = 92EDBE821D6C2CCB00BF8786 /* FZMSettingViewController.m */; };
/* End PBXBuildFile section */

/* Begin PBXContainerItemProxy section */
		92BC52491D6AE61500400B51 /* PBXContainerItemProxy */ = {
			isa = PBXContainerItemProxy;
			containerPortal = 92BC52271D6AE61200400B51 /* Project object */;
			proxyType = 1;
			remoteGlobalIDString = 92BC522E1D6AE61200400B51;
			remoteInfo = BSBDJ;
		};
		92BC52541D6AE61600400B51 /* PBXContainerItemProxy */ = {
			isa = PBXContainerItemProxy;
			containerPortal = 92BC52271D6AE61200400B51 /* Project object */;
			proxyType = 1;
			remoteGlobalIDString = 92BC522E1D6AE61200400B51;
			remoteInfo = BSBDJ;
		};
/* End PBXContainerItemProxy section */

/* Begin PBXFileReference section */
		6531B78E6600A84D7294E0DF /* libPods-BSBDJ.a */ = {isa = PBXFileReference; explicitFileType = archive.ar; includeInIndex = 0; path = "libPods-BSBDJ.a"; sourceTree = BUILT_PRODUCTS_DIR; };
		8E2D15E8361E526B07EB86B2 /* Pods-BSBDJ.release.xcconfig */ = {isa = PBXFileReference; includeInIndex = 1; lastKnownFileType = text.xcconfig; name = "Pods-BSBDJ.release.xcconfig"; path = "Pods/Target Support Files/Pods-BSBDJ/Pods-BSBDJ.release.xcconfig"; sourceTree = "<group>"; };
		929307E11D6BEC7900BB1EC2 /* FZMTarBarController.h */ = {isa = PBXFileReference; fileEncoding = 4; lastKnownFileType = sourcecode.c.h; path = FZMTarBarController.h; sourceTree = "<group>"; };
		929307E21D6BEC7900BB1EC2 /* FZMTarBarController.m */ = {isa = PBXFileReference; fileEncoding = 4; lastKnownFileType = sourcecode.c.objc; path = FZMTarBarController.m; sourceTree = "<group>"; };
		929307E41D6BECBC00BB1EC2 /* FZMEssenceViewController.h */ = {isa = PBXFileReference; fileEncoding = 4; lastKnownFileType = sourcecode.c.h; path = FZMEssenceViewController.h; sourceTree = "<group>"; };
		929307E51D6BECBC00BB1EC2 /* FZMEssenceViewController.m */ = {isa = PBXFileReference; fileEncoding = 4; lastKnownFileType = sourcecode.c.objc; path = FZMEssenceViewController.m; sourceTree = "<group>"; };
		929307E71D6BECD800BB1EC2 /* FZMFriendTrendViewController.h */ = {isa = PBXFileReference; fileEncoding = 4; lastKnownFileType = sourcecode.c.h; path = FZMFriendTrendViewController.h; sourceTree = "<group>"; };
		929307E81D6BECD800BB1EC2 /* FZMFriendTrendViewController.m */ = {isa = PBXFileReference; fileEncoding = 4; lastKnownFileType = sourcecode.c.objc; path = FZMFriendTrendViewController.m; sourceTree = "<group>"; };
		929307EA1D6BECE200BB1EC2 /* FZMMeViewController.h */ = {isa = PBXFileReference; fileEncoding = 4; lastKnownFileType = sourcecode.c.h; path = FZMMeViewController.h; sourceTree = "<group>"; };
		929307EB1D6BECE200BB1EC2 /* FZMMeViewController.m */ = {isa = PBXFileReference; fileEncoding = 4; lastKnownFileType = sourcecode.c.objc; path = FZMMeViewController.m; sourceTree = "<group>"; };
		929307EE1D6BECF300BB1EC2 /* FZMNewViewController.h */ = {isa = PBXFileReference; fileEncoding = 4; lastKnownFileType = sourcecode.c.h; path = FZMNewViewController.h; sourceTree = "<group>"; };
		929307EF1D6BECF300BB1EC2 /* FZMNewViewController.m */ = {isa = PBXFileReference; fileEncoding = 4; lastKnownFileType = sourcecode.c.objc; path = FZMNewViewController.m; sourceTree = "<group>"; };
		929307F11D6BED0400BB1EC2 /* FZMPublishViewController.h */ = {isa = PBXFileReference; fileEncoding = 4; lastKnownFileType = sourcecode.c.h; path = FZMPublishViewController.h; sourceTree = "<group>"; };
		929307F21D6BED0400BB1EC2 /* FZMPublishViewController.m */ = {isa = PBXFileReference; fileEncoding = 4; lastKnownFileType = sourcecode.c.objc; path = FZMPublishViewController.m; sourceTree = "<group>"; };
		929307F41D6BF37100BB1EC2 /* UIImage+FZMExtession.h */ = {isa = PBXFileReference; fileEncoding = 4; lastKnownFileType = sourcecode.c.h; path = "UIImage+FZMExtession.h"; sourceTree = "<group>"; };
		929307F51D6BF37100BB1EC2 /* UIImage+FZMExtession.m */ = {isa = PBXFileReference; fileEncoding = 4; lastKnownFileType = sourcecode.c.objc; path = "UIImage+FZMExtession.m"; sourceTree = "<group>"; };
		929307F71D6BF91500BB1EC2 /* NSObject+FZMExtension.h */ = {isa = PBXFileReference; fileEncoding = 4; lastKnownFileType = sourcecode.c.h; path = "NSObject+FZMExtension.h"; sourceTree = "<group>"; };
		929307F81D6BF91500BB1EC2 /* NSObject+FZMExtension.m */ = {isa = PBXFileReference; fileEncoding = 4; lastKnownFileType = sourcecode.c.objc; path = "NSObject+FZMExtension.m"; sourceTree = "<group>"; };
		929307FA1D6BF94900BB1EC2 /* UIColor+FZMExtension.h */ = {isa = PBXFileReference; fileEncoding = 4; lastKnownFileType = sourcecode.c.h; path = "UIColor+FZMExtension.h"; sourceTree = "<group>"; };
		929307FB1D6BF94900BB1EC2 /* UIColor+FZMExtension.m */ = {isa = PBXFileReference; fileEncoding = 4; lastKnownFileType = sourcecode.c.objc; path = "UIColor+FZMExtension.m"; sourceTree = "<group>"; };
		929307FF1D6BFC8400BB1EC2 /* FZMTarBar.h */ = {isa = PBXFileReference; fileEncoding = 4; lastKnownFileType = sourcecode.c.h; path = FZMTarBar.h; sourceTree = "<group>"; };
		929308001D6BFC8400BB1EC2 /* FZMTarBar.m */ = {isa = PBXFileReference; fileEncoding = 4; lastKnownFileType = sourcecode.c.objc; path = FZMTarBar.m; sourceTree = "<group>"; };
		92AE512A1D6C3A5400F54144 /* FZMADViewController.h */ = {isa = PBXFileReference; fileEncoding = 4; lastKnownFileType = sourcecode.c.h; path = FZMADViewController.h; sourceTree = "<group>"; };
		92AE512B1D6C3A5400F54144 /* FZMADViewController.m */ = {isa = PBXFileReference; fileEncoding = 4; lastKnownFileType = sourcecode.c.objc; path = FZMADViewController.m; sourceTree = "<group>"; };
		92AE512C1D6C3A5400F54144 /* FZMADViewController.xib */ = {isa = PBXFileReference; fileEncoding = 4; lastKnownFileType = file.xib; path = FZMADViewController.xib; sourceTree = "<group>"; };
		92AE512F1D6C3D3600F54144 /* FZMConst.h */ = {isa = PBXFileReference; fileEncoding = 4; lastKnownFileType = sourcecode.c.h; path = FZMConst.h; sourceTree = "<group>"; };
		92AE51301D6C3D3600F54144 /* FZMConst.m */ = {isa = PBXFileReference; fileEncoding = 4; lastKnownFileType = sourcecode.c.objc; path = FZMConst.m; sourceTree = "<group>"; };
		92AE51321D6C419A00F54144 /* XMGADItem.h */ = {isa = PBXFileReference; fileEncoding = 4; lastKnownFileType = sourcecode.c.h; path = XMGADItem.h; sourceTree = "<group>"; };
		92AE51331D6C419A00F54144 /* XMGADItem.m */ = {isa = PBXFileReference; fileEncoding = 4; lastKnownFileType = sourcecode.c.objc; path = XMGADItem.m; sourceTree = "<group>"; };
		92BC522F1D6AE61200400B51 /* BSBDJ.app */ = {isa = PBXFileReference; explicitFileType = wrapper.application; includeInIndex = 0; path = BSBDJ.app; sourceTree = BUILT_PRODUCTS_DIR; };
		92BC52331D6AE61300400B51 /* main.m */ = {isa = PBXFileReference; lastKnownFileType = sourcecode.c.objc; name = main.m; path = ../main.m; sourceTree = "<group>"; };
		92BC52351D6AE61300400B51 /* AppDelegate.h */ = {isa = PBXFileReference; lastKnownFileType = sourcecode.c.h; name = AppDelegate.h; path = ../AppDelegate.h; sourceTree = "<group>"; };
		92BC52361D6AE61300400B51 /* AppDelegate.m */ = {isa = PBXFileReference; lastKnownFileType = sourcecode.c.objc; name = AppDelegate.m; path = ../AppDelegate.m; sourceTree = "<group>"; };
		92BC52381D6AE61300400B51 /* ViewController.h */ = {isa = PBXFileReference; lastKnownFileType = sourcecode.c.h; path = ViewController.h; sourceTree = "<group>"; };
		92BC52391D6AE61300400B51 /* ViewController.m */ = {isa = PBXFileReference; lastKnownFileType = sourcecode.c.objc; path = ViewController.m; sourceTree = "<group>"; };
		92BC523C1D6AE61400400B51 /* Base */ = {isa = PBXFileReference; lastKnownFileType = file.storyboard; name = Base; path = Base.lproj/Main.storyboard; sourceTree = "<group>"; };
		92BC523E1D6AE61400400B51 /* Assets.xcassets */ = {isa = PBXFileReference; lastKnownFileType = folder.assetcatalog; path = Assets.xcassets; sourceTree = "<group>"; };
		92BC52411D6AE61400400B51 /* Base */ = {isa = PBXFileReference; lastKnownFileType = file.storyboard; name = Base; path = Base.lproj/LaunchScreen.storyboard; sourceTree = "<group>"; };
		92BC52431D6AE61500400B51 /* Info.plist */ = {isa = PBXFileReference; lastKnownFileType = text.plist.xml; path = Info.plist; sourceTree = "<group>"; };
		92BC52481D6AE61500400B51 /* BSBDJTests.xctest */ = {isa = PBXFileReference; explicitFileType = wrapper.cfbundle; includeInIndex = 0; path = BSBDJTests.xctest; sourceTree = BUILT_PRODUCTS_DIR; };
		92BC524C1D6AE61500400B51 /* BSBDJTests.m */ = {isa = PBXFileReference; lastKnownFileType = sourcecode.c.objc; path = BSBDJTests.m; sourceTree = "<group>"; };
		92BC524E1D6AE61600400B51 /* Info.plist */ = {isa = PBXFileReference; lastKnownFileType = text.plist.xml; path = Info.plist; sourceTree = "<group>"; };
		92BC52531D6AE61600400B51 /* BSBDJUITests.xctest */ = {isa = PBXFileReference; explicitFileType = wrapper.cfbundle; includeInIndex = 0; path = BSBDJUITests.xctest; sourceTree = BUILT_PRODUCTS_DIR; };
		92BC52571D6AE61600400B51 /* BSBDJUITests.m */ = {isa = PBXFileReference; lastKnownFileType = sourcecode.c.objc; path = BSBDJUITests.m; sourceTree = "<group>"; };
		92BC52591D6AE61700400B51 /* Info.plist */ = {isa = PBXFileReference; lastKnownFileType = text.plist.xml; path = Info.plist; sourceTree = "<group>"; };
		92EDBE751D6C223600BF8786 /* UIView+FZMExtension.h */ = {isa = PBXFileReference; fileEncoding = 4; lastKnownFileType = sourcecode.c.h; path = "UIView+FZMExtension.h"; sourceTree = "<group>"; };
		92EDBE761D6C223600BF8786 /* UIView+FZMExtension.m */ = {isa = PBXFileReference; fileEncoding = 4; lastKnownFileType = sourcecode.c.objc; path = "UIView+FZMExtension.m"; sourceTree = "<group>"; };
		92EDBE781D6C232600BF8786 /* UIBarButtonItem+FZMExtension.h */ = {isa = PBXFileReference; fileEncoding = 4; lastKnownFileType = sourcecode.c.h; path = "UIBarButtonItem+FZMExtension.h"; sourceTree = "<group>"; };
		92EDBE791D6C232600BF8786 /* UIBarButtonItem+FZMExtension.m */ = {isa = PBXFileReference; fileEncoding = 4; lastKnownFileType = sourcecode.c.objc; path = "UIBarButtonItem+FZMExtension.m"; sourceTree = "<group>"; };
		92EDBE7B1D6C25F500BF8786 /* BSBDJ.pch */ = {isa = PBXFileReference; lastKnownFileType = sourcecode.c.h; path = BSBDJ.pch; sourceTree = "<group>"; };
		92EDBE7C1D6C272F00BF8786 /* FZMNAavigationController.h */ = {isa = PBXFileReference; fileEncoding = 4; lastKnownFileType = sourcecode.c.h; path = FZMNAavigationController.h; sourceTree = "<group>"; };
		92EDBE7D1D6C272F00BF8786 /* FZMNAavigationController.m */ = {isa = PBXFileReference; fileEncoding = 4; lastKnownFileType = sourcecode.c.objc; path = FZMNAavigationController.m; sourceTree = "<group>"; };
		92EDBE811D6C2CCB00BF8786 /* FZMSettingViewController.h */ = {isa = PBXFileReference; fileEncoding = 4; lastKnownFileType = sourcecode.c.h; path = FZMSettingViewController.h; sourceTree = "<group>"; };
		92EDBE821D6C2CCB00BF8786 /* FZMSettingViewController.m */ = {isa = PBXFileReference; fileEncoding = 4; lastKnownFileType = sourcecode.c.objc; path = FZMSettingViewController.m; sourceTree = "<group>"; };
		CEFDCA43BC57943F1ED82FB5 /* Pods-BSBDJ.debug.xcconfig */ = {isa = PBXFileReference; includeInIndex = 1; lastKnownFileType = text.xcconfig; name = "Pods-BSBDJ.debug.xcconfig"; path = "Pods/Target Support Files/Pods-BSBDJ/Pods-BSBDJ.debug.xcconfig"; sourceTree = "<group>"; };
/* End PBXFileReference section */

/* Begin PBXFrameworksBuildPhase section */
		92BC522C1D6AE61200400B51 /* Frameworks */ = {
			isa = PBXFrameworksBuildPhase;
			buildActionMask = 2147483647;
			files = (
				4A8F27948EDA8EB5B83E154A /* libPods-BSBDJ.a in Frameworks */,
			);
			runOnlyForDeploymentPostprocessing = 0;
		};
		92BC52451D6AE61500400B51 /* Frameworks */ = {
			isa = PBXFrameworksBuildPhase;
			buildActionMask = 2147483647;
			files = (
			);
			runOnlyForDeploymentPostprocessing = 0;
		};
		92BC52501D6AE61600400B51 /* Frameworks */ = {
			isa = PBXFrameworksBuildPhase;
			buildActionMask = 2147483647;
			files = (
			);
			runOnlyForDeploymentPostprocessing = 0;
		};
/* End PBXFrameworksBuildPhase section */

/* Begin PBXGroup section */
		1756CB70221C26B81AB4AD79 /* Frameworks */ = {
			isa = PBXGroup;
			children = (
				6531B78E6600A84D7294E0DF /* libPods-BSBDJ.a */,
			);
			name = Frameworks;
			sourceTree = "<group>";
		};
		929307C31D6BE8DF00BB1EC2 /* Main(主要) */ = {
			isa = PBXGroup;
			children = (
				929307FE1D6BFC5F00BB1EC2 /* View */,
				929307DE1D6BEAFA00BB1EC2 /* Modle */,
				929307DD1D6BEAEE00BB1EC2 /* Controller */,
			);
			name = "Main(主要)";
			path = Main;
			sourceTree = "<group>";
		};
		929307C51D6BE92400BB1EC2 /* Essence(精华) */ = {
			isa = PBXGroup;
			children = (
				929307DB1D6BEAC500BB1EC2 /* View */,
				929307DA1D6BEAB600BB1EC2 /* Controller */,
				929307D91D6BEAAB00BB1EC2 /* Modle */,
			);
			name = "Essence(精华)";
			path = Essesion;
			sourceTree = "<group>";
		};
		929307C61D6BE93D00BB1EC2 /* FriendTrend */ = {
			isa = PBXGroup;
			children = (
				929307D81D6BEAA400BB1EC2 /* View */,
				929307D71D6BEA9700BB1EC2 /* Modle */,
				929307D61D6BEA8600BB1EC2 /* Controller */,
			);
			path = FriendTrend;
			sourceTree = "<group>";
		};
		929307C71D6BE96700BB1EC2 /* Me */ = {
			isa = PBXGroup;
			children = (
				929307D51D6BEA7A00BB1EC2 /* Controller */,
				929307D41D6BEA6F00BB1EC2 /* Modle */,
				929307D31D6BEA6300BB1EC2 /* View */,
			);
			path = Me;
			sourceTree = "<group>";
		};
		929307C81D6BE97500BB1EC2 /* New */ = {
			isa = PBXGroup;
			children = (
				929307D21D6BEA4F00BB1EC2 /* Modle */,
				929307D11D6BEA3000BB1EC2 /* Controller */,
				929307D01D6BEA1F00BB1EC2 /* View */,
			);
			path = New;
			sourceTree = "<group>";
		};
		929307CC1D6BE9E400BB1EC2 /* Publish */ = {
			isa = PBXGroup;
			children = (
				929307CF1D6BEA1000BB1EC2 /* Controller */,
				929307CE1D6BEA0100BB1EC2 /* Modle */,
				929307CD1D6BE9E400BB1EC2 /* View */,
			);
			path = Publish;
			sourceTree = "<group>";
		};
		929307CD1D6BE9E400BB1EC2 /* View */ = {
			isa = PBXGroup;
			children = (
			);
			path = View;
			sourceTree = "<group>";
		};
		929307CE1D6BEA0100BB1EC2 /* Modle */ = {
			isa = PBXGroup;
			children = (
			);
			path = Modle;
			sourceTree = "<group>";
		};
		929307CF1D6BEA1000BB1EC2 /* Controller */ = {
			isa = PBXGroup;
			children = (
				929307F11D6BED0400BB1EC2 /* FZMPublishViewController.h */,
				929307F21D6BED0400BB1EC2 /* FZMPublishViewController.m */,
			);
			path = Controller;
			sourceTree = "<group>";
		};
		929307D01D6BEA1F00BB1EC2 /* View */ = {
			isa = PBXGroup;
			children = (
			);
			path = View;
			sourceTree = "<group>";
		};
		929307D11D6BEA3000BB1EC2 /* Controller */ = {
			isa = PBXGroup;
			children = (
				929307EE1D6BECF300BB1EC2 /* FZMNewViewController.h */,
				929307EF1D6BECF300BB1EC2 /* FZMNewViewController.m */,
			);
			path = Controller;
			sourceTree = "<group>";
		};
		929307D21D6BEA4F00BB1EC2 /* Modle */ = {
			isa = PBXGroup;
			children = (
			);
			path = Modle;
			sourceTree = "<group>";
		};
		929307D31D6BEA6300BB1EC2 /* View */ = {
			isa = PBXGroup;
			children = (
			);
			path = View;
			sourceTree = "<group>";
		};
		929307D41D6BEA6F00BB1EC2 /* Modle */ = {
			isa = PBXGroup;
			children = (
			);
			path = Modle;
			sourceTree = "<group>";
		};
		929307D51D6BEA7A00BB1EC2 /* Controller */ = {
			isa = PBXGroup;
			children = (
				929307EA1D6BECE200BB1EC2 /* FZMMeViewController.h */,
				929307EB1D6BECE200BB1EC2 /* FZMMeViewController.m */,
			);
			path = Controller;
			sourceTree = "<group>";
		};
		929307D61D6BEA8600BB1EC2 /* Controller */ = {
			isa = PBXGroup;
			children = (
			);
			path = Controller;
			sourceTree = "<group>";
		};
		929307D71D6BEA9700BB1EC2 /* Modle */ = {
			isa = PBXGroup;
			children = (
				929307E71D6BECD800BB1EC2 /* FZMFriendTrendViewController.h */,
				929307E81D6BECD800BB1EC2 /* FZMFriendTrendViewController.m */,
			);
			path = Modle;
			sourceTree = "<group>";
		};
		929307D81D6BEAA400BB1EC2 /* View */ = {
			isa = PBXGroup;
			children = (
			);
			name = View;
			sourceTree = "<group>";
		};
		929307D91D6BEAAB00BB1EC2 /* Modle */ = {
			isa = PBXGroup;
			children = (
			);
			path = Modle;
			sourceTree = "<group>";
		};
		929307DA1D6BEAB600BB1EC2 /* Controller */ = {
			isa = PBXGroup;
			children = (
				929307E41D6BECBC00BB1EC2 /* FZMEssenceViewController.h */,
				929307E51D6BECBC00BB1EC2 /* FZMEssenceViewController.m */,
			);
			path = Controller;
			sourceTree = "<group>";
		};
		929307DB1D6BEAC500BB1EC2 /* View */ = {
			isa = PBXGroup;
			children = (
			);
			path = View;
			sourceTree = "<group>";
		};
		929307DD1D6BEAEE00BB1EC2 /* Controller */ = {
			isa = PBXGroup;
			children = (
				929307E11D6BEC7900BB1EC2 /* FZMTarBarController.h */,
				929307E21D6BEC7900BB1EC2 /* FZMTarBarController.m */,
				92EDBE7C1D6C272F00BF8786 /* FZMNAavigationController.h */,
				92EDBE7D1D6C272F00BF8786 /* FZMNAavigationController.m */,
			);
			path = Controller;
			sourceTree = "<group>";
		};
		929307DE1D6BEAFA00BB1EC2 /* Modle */ = {
			isa = PBXGroup;
			children = (
			);
			path = Modle;
			sourceTree = "<group>";
		};
		929307DF1D6BEB0B00BB1EC2 /* Other */ = {
			isa = PBXGroup;
			children = (
				929307E01D6BEB4100BB1EC2 /* Category */,
				92BC52351D6AE61300400B51 /* AppDelegate.h */,
				92BC52361D6AE61300400B51 /* AppDelegate.m */,
				92BC52331D6AE61300400B51 /* main.m */,
				92EDBE7B1D6C25F500BF8786 /* BSBDJ.pch */,
				92AE512F1D6C3D3600F54144 /* FZMConst.h */,
				92AE51301D6C3D3600F54144 /* FZMConst.m */,
			);
			path = Other;
			sourceTree = "<group>";
		};
		929307E01D6BEB4100BB1EC2 /* Category */ = {
			isa = PBXGroup;
			children = (
				929307F41D6BF37100BB1EC2 /* UIImage+FZMExtession.h */,
				929307F51D6BF37100BB1EC2 /* UIImage+FZMExtession.m */,
				929307F71D6BF91500BB1EC2 /* NSObject+FZMExtension.h */,
				929307F81D6BF91500BB1EC2 /* NSObject+FZMExtension.m */,
				929307FA1D6BF94900BB1EC2 /* UIColor+FZMExtension.h */,
				929307FB1D6BF94900BB1EC2 /* UIColor+FZMExtension.m */,
				92EDBE751D6C223600BF8786 /* UIView+FZMExtension.h */,
				92EDBE761D6C223600BF8786 /* UIView+FZMExtension.m */,
				92EDBE781D6C232600BF8786 /* UIBarButtonItem+FZMExtension.h */,
				92EDBE791D6C232600BF8786 /* UIBarButtonItem+FZMExtension.m */,
			);
			path = Category;
			sourceTree = "<group>";
		};
		929307FE1D6BFC5F00BB1EC2 /* View */ = {
			isa = PBXGroup;
			children = (
				929307FF1D6BFC8400BB1EC2 /* FZMTarBar.h */,
				929308001D6BFC8400BB1EC2 /* FZMTarBar.m */,
			);
			path = View;
			sourceTree = "<group>";
		};
		92AE51201D6C39D000F54144 /* AD(广告) */ = {
			isa = PBXGroup;
			children = (
				92AE51211D6C3A0600F54144 /* Controller */,
				92AE51241D6C3A0600F54144 /* Modle */,
				92AE51251D6C3A0600F54144 /* View */,
			);
			name = "AD(广告)";
			path = AD;
			sourceTree = "<group>";
		};
		92AE51211D6C3A0600F54144 /* Controller */ = {
			isa = PBXGroup;
			children = (
				92AE512A1D6C3A5400F54144 /* FZMADViewController.h */,
				92AE512B1D6C3A5400F54144 /* FZMADViewController.m */,
				92AE512C1D6C3A5400F54144 /* FZMADViewController.xib */,
			);
			path = Controller;
			sourceTree = "<group>";
		};
		92AE51241D6C3A0600F54144 /* Modle */ = {
			isa = PBXGroup;
			children = (
				92AE51321D6C419A00F54144 /* XMGADItem.h */,
				92AE51331D6C419A00F54144 /* XMGADItem.m */,
			);
			path = Modle;
			sourceTree = "<group>";
		};
		92AE51251D6C3A0600F54144 /* View */ = {
			isa = PBXGroup;
			children = (
			);
			path = View;
			sourceTree = "<group>";
		};
		92BC52261D6AE61200400B51 = {
			isa = PBXGroup;
			children = (
				92BC52311D6AE61300400B51 /* BSBDJ */,
				92BC524B1D6AE61500400B51 /* BSBDJTests */,
				92BC52561D6AE61600400B51 /* BSBDJUITests */,
				92BC52301D6AE61200400B51 /* Products */,
				D69B811C28CD0D1133CD0B98 /* Pods */,
				1756CB70221C26B81AB4AD79 /* Frameworks */,
			);
			sourceTree = "<group>";
		};
		92BC52301D6AE61200400B51 /* Products */ = {
			isa = PBXGroup;
			children = (
				92BC522F1D6AE61200400B51 /* BSBDJ.app */,
				92BC52481D6AE61500400B51 /* BSBDJTests.xctest */,
				92BC52531D6AE61600400B51 /* BSBDJUITests.xctest */,
			);
			name = Products;
			sourceTree = "<group>";
		};
		92BC52311D6AE61300400B51 /* BSBDJ */ = {
			isa = PBXGroup;
			children = (
				92AE51201D6C39D000F54144 /* AD(广告) */,
				92EDBE7F1D6C2CCB00BF8786 /* Setting(设置) */,
				929307DF1D6BEB0B00BB1EC2 /* Other */,
				929307CC1D6BE9E400BB1EC2 /* Publish */,
				929307C81D6BE97500BB1EC2 /* New */,
				929307C71D6BE96700BB1EC2 /* Me */,
				929307C61D6BE93D00BB1EC2 /* FriendTrend */,
				929307C51D6BE92400BB1EC2 /* Essence(精华) */,
				929307C31D6BE8DF00BB1EC2 /* Main(主要) */,
				92BC52381D6AE61300400B51 /* ViewController.h */,
				92BC52391D6AE61300400B51 /* ViewController.m */,
				92BC523B1D6AE61400400B51 /* Main.storyboard */,
				92BC523E1D6AE61400400B51 /* Assets.xcassets */,
				92BC52401D6AE61400400B51 /* LaunchScreen.storyboard */,
				92BC52431D6AE61500400B51 /* Info.plist */,
				92BC52321D6AE61300400B51 /* Supporting Files */,
			);
			path = BSBDJ;
			sourceTree = "<group>";
		};
		92BC52321D6AE61300400B51 /* Supporting Files */ = {
			isa = PBXGroup;
			children = (
			);
			name = "Supporting Files";
			sourceTree = "<group>";
		};
		92BC524B1D6AE61500400B51 /* BSBDJTests */ = {
			isa = PBXGroup;
			children = (
				92BC524C1D6AE61500400B51 /* BSBDJTests.m */,
				92BC524E1D6AE61600400B51 /* Info.plist */,
			);
			path = BSBDJTests;
			sourceTree = "<group>";
		};
		92BC52561D6AE61600400B51 /* BSBDJUITests */ = {
			isa = PBXGroup;
			children = (
				92BC52571D6AE61600400B51 /* BSBDJUITests.m */,
				92BC52591D6AE61700400B51 /* Info.plist */,
			);
			path = BSBDJUITests;
			sourceTree = "<group>";
		};
		92EDBE7F1D6C2CCB00BF8786 /* Setting(设置) */ = {
			isa = PBXGroup;
			children = (
				92EDBE801D6C2CCB00BF8786 /* Controller */,
				92EDBE831D6C2CCB00BF8786 /* Model */,
				92EDBE841D6C2CCB00BF8786 /* View */,
			);
			path = "Setting(设置)";
			sourceTree = "<group>";
		};
		92EDBE801D6C2CCB00BF8786 /* Controller */ = {
			isa = PBXGroup;
			children = (
				92EDBE811D6C2CCB00BF8786 /* FZMSettingViewController.h */,
				92EDBE821D6C2CCB00BF8786 /* FZMSettingViewController.m */,
			);
			path = Controller;
			sourceTree = "<group>";
		};
		92EDBE831D6C2CCB00BF8786 /* Model */ = {
			isa = PBXGroup;
			children = (
			);
			path = Model;
			sourceTree = "<group>";
		};
		92EDBE841D6C2CCB00BF8786 /* View */ = {
			isa = PBXGroup;
			children = (
			);
			path = View;
			sourceTree = "<group>";
		};
		D69B811C28CD0D1133CD0B98 /* Pods */ = {
			isa = PBXGroup;
			children = (
				CEFDCA43BC57943F1ED82FB5 /* Pods-BSBDJ.debug.xcconfig */,
				8E2D15E8361E526B07EB86B2 /* Pods-BSBDJ.release.xcconfig */,
			);
			name = Pods;
			sourceTree = "<group>";
		};
/* End PBXGroup section */

/* Begin PBXNativeTarget section */
		92BC522E1D6AE61200400B51 /* BSBDJ */ = {
			isa = PBXNativeTarget;
			buildConfigurationList = 92BC525C1D6AE61700400B51 /* Build configuration list for PBXNativeTarget "BSBDJ" */;
			buildPhases = (
				AC1A20EF1926AF68B3402FDF /* [CP] Check Pods Manifest.lock */,
				92BC522B1D6AE61200400B51 /* Sources */,
				92BC522C1D6AE61200400B51 /* Frameworks */,
				92BC522D1D6AE61200400B51 /* Resources */,
				A034E29299E72EF7EB651DDE /* [CP] Embed Pods Frameworks */,
				D32B7D0FE9AB753120AFA036 /* [CP] Copy Pods Resources */,
			);
			buildRules = (
			);
			dependencies = (
			);
			name = BSBDJ;
			productName = BSBDJ;
			productReference = 92BC522F1D6AE61200400B51 /* BSBDJ.app */;
			productType = "com.apple.product-type.application";
		};
		92BC52471D6AE61500400B51 /* BSBDJTests */ = {
			isa = PBXNativeTarget;
			buildConfigurationList = 92BC525F1D6AE61700400B51 /* Build configuration list for PBXNativeTarget "BSBDJTests" */;
			buildPhases = (
				92BC52441D6AE61500400B51 /* Sources */,
				92BC52451D6AE61500400B51 /* Frameworks */,
				92BC52461D6AE61500400B51 /* Resources */,
			);
			buildRules = (
			);
			dependencies = (
				92BC524A1D6AE61500400B51 /* PBXTargetDependency */,
			);
			name = BSBDJTests;
			productName = BSBDJTests;
			productReference = 92BC52481D6AE61500400B51 /* BSBDJTests.xctest */;
			productType = "com.apple.product-type.bundle.unit-test";
		};
		92BC52521D6AE61600400B51 /* BSBDJUITests */ = {
			isa = PBXNativeTarget;
			buildConfigurationList = 92BC52621D6AE61700400B51 /* Build configuration list for PBXNativeTarget "BSBDJUITests" */;
			buildPhases = (
				92BC524F1D6AE61600400B51 /* Sources */,
				92BC52501D6AE61600400B51 /* Frameworks */,
				92BC52511D6AE61600400B51 /* Resources */,
			);
			buildRules = (
			);
			dependencies = (
				92BC52551D6AE61600400B51 /* PBXTargetDependency */,
			);
			name = BSBDJUITests;
			productName = BSBDJUITests;
			productReference = 92BC52531D6AE61600400B51 /* BSBDJUITests.xctest */;
			productType = "com.apple.product-type.bundle.ui-testing";
		};
/* End PBXNativeTarget section */

/* Begin PBXProject section */
		92BC52271D6AE61200400B51 /* Project object */ = {
			isa = PBXProject;
			attributes = {
				CLASSPREFIX = FZM;
				LastUpgradeCheck = 0730;
				ORGANIZATIONNAME = "付志敏";
				TargetAttributes = {
					92BC522E1D6AE61200400B51 = {
						CreatedOnToolsVersion = 7.3;
					};
					92BC52471D6AE61500400B51 = {
						CreatedOnToolsVersion = 7.3;
						TestTargetID = 92BC522E1D6AE61200400B51;
					};
					92BC52521D6AE61600400B51 = {
						CreatedOnToolsVersion = 7.3;
						TestTargetID = 92BC522E1D6AE61200400B51;
					};
				};
			};
			buildConfigurationList = 92BC522A1D6AE61200400B51 /* Build configuration list for PBXProject "BSBDJ" */;
			compatibilityVersion = "Xcode 3.2";
			developmentRegion = English;
			hasScannedForEncodings = 0;
			knownRegions = (
				en,
				Base,
			);
			mainGroup = 92BC52261D6AE61200400B51;
			productRefGroup = 92BC52301D6AE61200400B51 /* Products */;
			projectDirPath = "";
			projectRoot = "";
			targets = (
				92BC522E1D6AE61200400B51 /* BSBDJ */,
				92BC52471D6AE61500400B51 /* BSBDJTests */,
				92BC52521D6AE61600400B51 /* BSBDJUITests */,
			);
		};
/* End PBXProject section */

/* Begin PBXResourcesBuildPhase section */
		92BC522D1D6AE61200400B51 /* Resources */ = {
			isa = PBXResourcesBuildPhase;
			buildActionMask = 2147483647;
			files = (
				92BC52421D6AE61400400B51 /* LaunchScreen.storyboard in Resources */,
				92AE512E1D6C3A5400F54144 /* FZMADViewController.xib in Resources */,
				92BC523F1D6AE61400400B51 /* Assets.xcassets in Resources */,
				92BC523D1D6AE61400400B51 /* Main.storyboard in Resources */,
			);
			runOnlyForDeploymentPostprocessing = 0;
		};
		92BC52461D6AE61500400B51 /* Resources */ = {
			isa = PBXResourcesBuildPhase;
			buildActionMask = 2147483647;
			files = (
			);
			runOnlyForDeploymentPostprocessing = 0;
		};
		92BC52511D6AE61600400B51 /* Resources */ = {
			isa = PBXResourcesBuildPhase;
			buildActionMask = 2147483647;
			files = (
			);
			runOnlyForDeploymentPostprocessing = 0;
		};
/* End PBXResourcesBuildPhase section */

/* Begin PBXShellScriptBuildPhase section */
		A034E29299E72EF7EB651DDE /* [CP] Embed Pods Frameworks */ = {
			isa = PBXShellScriptBuildPhase;
			buildActionMask = 2147483647;
			files = (
			);
			inputPaths = (
			);
			name = "[CP] Embed Pods Frameworks";
			outputPaths = (
			);
			runOnlyForDeploymentPostprocessing = 0;
			shellPath = /bin/sh;
			shellScript = "\"${SRCROOT}/Pods/Target Support Files/Pods-BSBDJ/Pods-BSBDJ-frameworks.sh\"\n";
			showEnvVarsInLog = 0;
		};
		AC1A20EF1926AF68B3402FDF /* [CP] Check Pods Manifest.lock */ = {
			isa = PBXShellScriptBuildPhase;
			buildActionMask = 2147483647;
			files = (
			);
			inputPaths = (
			);
			name = "[CP] Check Pods Manifest.lock";
			outputPaths = (
			);
			runOnlyForDeploymentPostprocessing = 0;
			shellPath = /bin/sh;
			shellScript = "diff \"${PODS_ROOT}/../Podfile.lock\" \"${PODS_ROOT}/Manifest.lock\" > /dev/null\nif [[ $? != 0 ]] ; then\n    cat << EOM\nerror: The sandbox is not in sync with the Podfile.lock. Run 'pod install' or update your CocoaPods installation.\nEOM\n    exit 1\nfi\n";
			showEnvVarsInLog = 0;
		};
		D32B7D0FE9AB753120AFA036 /* [CP] Copy Pods Resources */ = {
			isa = PBXShellScriptBuildPhase;
			buildActionMask = 2147483647;
			files = (
			);
			inputPaths = (
			);
			name = "[CP] Copy Pods Resources";
			outputPaths = (
			);
			runOnlyForDeploymentPostprocessing = 0;
			shellPath = /bin/sh;
			shellScript = "\"${SRCROOT}/Pods/Target Support Files/Pods-BSBDJ/Pods-BSBDJ-resources.sh\"\n";
			showEnvVarsInLog = 0;
		};
/* End PBXShellScriptBuildPhase section */

/* Begin PBXSourcesBuildPhase section */
		92BC522B1D6AE61200400B51 /* Sources */ = {
			isa = PBXSourcesBuildPhase;
			buildActionMask = 2147483647;
			files = (
				929308011D6BFC8400BB1EC2 /* FZMTarBar.m in Sources */,
				929307F91D6BF91500BB1EC2 /* NSObject+FZMExtension.m in Sources */,
				929307EC1D6BECE200BB1EC2 /* FZMMeViewController.m in Sources */,
				92EDBE7A1D6C232600BF8786 /* UIBarButtonItem+FZMExtension.m in Sources */,
				92EDBE851D6C2CCB00BF8786 /* FZMSettingViewController.m in Sources */,
				929307E91D6BECD800BB1EC2 /* FZMFriendTrendViewController.m in Sources */,
				929307FC1D6BF94900BB1EC2 /* UIColor+FZMExtension.m in Sources */,
				929307F61D6BF37100BB1EC2 /* UIImage+FZMExtession.m in Sources */,
				92BC523A1D6AE61300400B51 /* ViewController.m in Sources */,
				929307E31D6BEC7900BB1EC2 /* FZMTarBarController.m in Sources */,
				92EDBE771D6C223600BF8786 /* UIView+FZMExtension.m in Sources */,
				92AE51311D6C3D3600F54144 /* FZMConst.m in Sources */,
				92EDBE7E1D6C272F00BF8786 /* FZMNAavigationController.m in Sources */,
				92BC52371D6AE61300400B51 /* AppDelegate.m in Sources */,
				92BC52341D6AE61300400B51 /* main.m in Sources */,
				929307F31D6BED0400BB1EC2 /* FZMPublishViewController.m in Sources */,
				929307E61D6BECBC00BB1EC2 /* FZMEssenceViewController.m in Sources */,
				929307F01D6BECF300BB1EC2 /* FZMNewViewController.m in Sources */,
				92AE51341D6C419A00F54144 /* XMGADItem.m in Sources */,
				92AE512D1D6C3A5400F54144 /* FZMADViewController.m in Sources */,
			);
			runOnlyForDeploymentPostprocessing = 0;
		};
		92BC52441D6AE61500400B51 /* Sources */ = {
			isa = PBXSourcesBuildPhase;
			buildActionMask = 2147483647;
			files = (
				92BC524D1D6AE61500400B51 /* BSBDJTests.m in Sources */,
			);
			runOnlyForDeploymentPostprocessing = 0;
		};
		92BC524F1D6AE61600400B51 /* Sources */ = {
			isa = PBXSourcesBuildPhase;
			buildActionMask = 2147483647;
			files = (
				92BC52581D6AE61600400B51 /* BSBDJUITests.m in Sources */,
			);
			runOnlyForDeploymentPostprocessing = 0;
		};
/* End PBXSourcesBuildPhase section */

/* Begin PBXTargetDependency section */
		92BC524A1D6AE61500400B51 /* PBXTargetDependency */ = {
			isa = PBXTargetDependency;
			target = 92BC522E1D6AE61200400B51 /* BSBDJ */;
			targetProxy = 92BC52491D6AE61500400B51 /* PBXContainerItemProxy */;
		};
		92BC52551D6AE61600400B51 /* PBXTargetDependency */ = {
			isa = PBXTargetDependency;
			target = 92BC522E1D6AE61200400B51 /* BSBDJ */;
			targetProxy = 92BC52541D6AE61600400B51 /* PBXContainerItemProxy */;
		};
/* End PBXTargetDependency section */

/* Begin PBXVariantGroup section */
		92BC523B1D6AE61400400B51 /* Main.storyboard */ = {
			isa = PBXVariantGroup;
			children = (
				92BC523C1D6AE61400400B51 /* Base */,
			);
			name = Main.storyboard;
			sourceTree = "<group>";
		};
		92BC52401D6AE61400400B51 /* LaunchScreen.storyboard */ = {
			isa = PBXVariantGroup;
			children = (
				92BC52411D6AE61400400B51 /* Base */,
			);
			name = LaunchScreen.storyboard;
			sourceTree = "<group>";
		};
/* End PBXVariantGroup section */

/* Begin XCBuildConfiguration section */
		92BC525A1D6AE61700400B51 /* Debug */ = {
			isa = XCBuildConfiguration;
			buildSettings = {
				ALWAYS_SEARCH_USER_PATHS = NO;
				CLANG_ANALYZER_NONNULL = YES;
				CLANG_CXX_LANGUAGE_STANDARD = "gnu++0x";
				CLANG_CXX_LIBRARY = "libc++";
				CLANG_ENABLE_MODULES = YES;
				CLANG_ENABLE_OBJC_ARC = YES;
				CLANG_WARN_BOOL_CONVERSION = YES;
				CLANG_WARN_CONSTANT_CONVERSION = YES;
				CLANG_WARN_DIRECT_OBJC_ISA_USAGE = YES_ERROR;
				CLANG_WARN_EMPTY_BODY = YES;
				CLANG_WARN_ENUM_CONVERSION = YES;
				CLANG_WARN_INT_CONVERSION = YES;
				CLANG_WARN_OBJC_ROOT_CLASS = YES_ERROR;
				CLANG_WARN_UNREACHABLE_CODE = YES;
				CLANG_WARN__DUPLICATE_METHOD_MATCH = YES;
				"CODE_SIGN_IDENTITY[sdk=iphoneos*]" = "iPhone Developer";
				COPY_PHASE_STRIP = NO;
				DEBUG_INFORMATION_FORMAT = dwarf;
				ENABLE_STRICT_OBJC_MSGSEND = YES;
				ENABLE_TESTABILITY = YES;
				GCC_C_LANGUAGE_STANDARD = gnu99;
				GCC_DYNAMIC_NO_PIC = NO;
				GCC_NO_COMMON_BLOCKS = YES;
				GCC_OPTIMIZATION_LEVEL = 0;
				GCC_PREPROCESSOR_DEFINITIONS = (
					"DEBUG=1",
					"$(inherited)",
				);
				GCC_WARN_64_TO_32_BIT_CONVERSION = YES;
				GCC_WARN_ABOUT_RETURN_TYPE = YES_ERROR;
				GCC_WARN_UNDECLARED_SELECTOR = YES;
				GCC_WARN_UNINITIALIZED_AUTOS = YES_AGGRESSIVE;
				GCC_WARN_UNUSED_FUNCTION = YES;
				GCC_WARN_UNUSED_VARIABLE = YES;
				IPHONEOS_DEPLOYMENT_TARGET = 9.0;
				MTL_ENABLE_DEBUG_INFO = YES;
				ONLY_ACTIVE_ARCH = YES;
				SDKROOT = iphoneos;
				TARGETED_DEVICE_FAMILY = "1,2";
			};
			name = Debug;
		};
		92BC525B1D6AE61700400B51 /* Release */ = {
			isa = XCBuildConfiguration;
			buildSettings = {
				ALWAYS_SEARCH_USER_PATHS = NO;
				CLANG_ANALYZER_NONNULL = YES;
				CLANG_CXX_LANGUAGE_STANDARD = "gnu++0x";
				CLANG_CXX_LIBRARY = "libc++";
				CLANG_ENABLE_MODULES = YES;
				CLANG_ENABLE_OBJC_ARC = YES;
				CLANG_WARN_BOOL_CONVERSION = YES;
				CLANG_WARN_CONSTANT_CONVERSION = YES;
				CLANG_WARN_DIRECT_OBJC_ISA_USAGE = YES_ERROR;
				CLANG_WARN_EMPTY_BODY = YES;
				CLANG_WARN_ENUM_CONVERSION = YES;
				CLANG_WARN_INT_CONVERSION = YES;
				CLANG_WARN_OBJC_ROOT_CLASS = YES_ERROR;
				CLANG_WARN_UNREACHABLE_CODE = YES;
				CLANG_WARN__DUPLICATE_METHOD_MATCH = YES;
				"CODE_SIGN_IDENTITY[sdk=iphoneos*]" = "iPhone Developer";
				COPY_PHASE_STRIP = NO;
				DEBUG_INFORMATION_FORMAT = "dwarf-with-dsym";
				ENABLE_NS_ASSERTIONS = NO;
				ENABLE_STRICT_OBJC_MSGSEND = YES;
				GCC_C_LANGUAGE_STANDARD = gnu99;
				GCC_NO_COMMON_BLOCKS = YES;
				GCC_WARN_64_TO_32_BIT_CONVERSION = YES;
				GCC_WARN_ABOUT_RETURN_TYPE = YES_ERROR;
				GCC_WARN_UNDECLARED_SELECTOR = YES;
				GCC_WARN_UNINITIALIZED_AUTOS = YES_AGGRESSIVE;
				GCC_WARN_UNUSED_FUNCTION = YES;
				GCC_WARN_UNUSED_VARIABLE = YES;
				IPHONEOS_DEPLOYMENT_TARGET = 9.0;
				MTL_ENABLE_DEBUG_INFO = NO;
				SDKROOT = iphoneos;
				TARGETED_DEVICE_FAMILY = "1,2";
				VALIDATE_PRODUCT = YES;
			};
			name = Release;
		};
		92BC525D1D6AE61700400B51 /* Debug */ = {
			isa = XCBuildConfiguration;
			baseConfigurationReference = CEFDCA43BC57943F1ED82FB5 /* Pods-BSBDJ.debug.xcconfig */;
			buildSettings = {
				ASSETCATALOG_COMPILER_APPICON_NAME = AppIcon;
				ASSETCATALOG_COMPILER_LAUNCHIMAGE_NAME = "Brand Assets";
				CLANG_ENABLE_OBJC_WEAK = YES;
				GCC_PREFIX_HEADER = BSBDJ/Other/BSBDJ.pch;
				INFOPLIST_FILE = BSBDJ/Info.plist;
				LD_RUNPATH_SEARCH_PATHS = "$(inherited) @executable_path/Frameworks";
				PRODUCT_BUNDLE_IDENTIFIER = fzm.BSBDJ;
				PRODUCT_NAME = "$(TARGET_NAME)";
				TARGETED_DEVICE_FAMILY = 1;
			};
			name = Debug;
		};
		92BC525E1D6AE61700400B51 /* Release */ = {
			isa = XCBuildConfiguration;
			baseConfigurationReference = 8E2D15E8361E526B07EB86B2 /* Pods-BSBDJ.release.xcconfig */;
			buildSettings = {
				ASSETCATALOG_COMPILER_APPICON_NAME = AppIcon;
				ASSETCATALOG_COMPILER_LAUNCHIMAGE_NAME = "Brand Assets";
				CLANG_ENABLE_OBJC_WEAK = YES;
				GCC_PREFIX_HEADER = BSBDJ/Other/BSBDJ.pch;
				INFOPLIST_FILE = BSBDJ/Info.plist;
				LD_RUNPATH_SEARCH_PATHS = "$(inherited) @executable_path/Frameworks";
				PRODUCT_BUNDLE_IDENTIFIER = fzm.BSBDJ;
				PRODUCT_NAME = "$(TARGET_NAME)";
				TARGETED_DEVICE_FAMILY = 1;
			};
			name = Release;
		};
		92BC52601D6AE61700400B51 /* Debug */ = {
			isa = XCBuildConfiguration;
			buildSettings = {
				BUNDLE_LOADER = "$(TEST_HOST)";
				INFOPLIST_FILE = BSBDJTests/Info.plist;
				LD_RUNPATH_SEARCH_PATHS = "$(inherited) @executable_path/Frameworks @loader_path/Frameworks";
				PRODUCT_BUNDLE_IDENTIFIER = fzm.BSBDJTests;
				PRODUCT_NAME = "$(TARGET_NAME)";
				TEST_HOST = "$(BUILT_PRODUCTS_DIR)/BSBDJ.app/BSBDJ";
			};
			name = Debug;
		};
		92BC52611D6AE61700400B51 /* Release */ = {
			isa = XCBuildConfiguration;
			buildSettings = {
				BUNDLE_LOADER = "$(TEST_HOST)";
				INFOPLIST_FILE = BSBDJTests/Info.plist;
				LD_RUNPATH_SEARCH_PATHS = "$(inherited) @executable_path/Frameworks @loader_path/Frameworks";
				PRODUCT_BUNDLE_IDENTIFIER = fzm.BSBDJTests;
				PRODUCT_NAME = "$(TARGET_NAME)";
				TEST_HOST = "$(BUILT_PRODUCTS_DIR)/BSBDJ.app/BSBDJ";
			};
			name = Release;
		};
		92BC52631D6AE61700400B51 /* Debug */ = {
			isa = XCBuildConfiguration;
			buildSettings = {
				INFOPLIST_FILE = BSBDJUITests/Info.plist;
				LD_RUNPATH_SEARCH_PATHS = "$(inherited) @executable_path/Frameworks @loader_path/Frameworks";
				PRODUCT_BUNDLE_IDENTIFIER = fzm.BSBDJUITests;
				PRODUCT_NAME = "$(TARGET_NAME)";
				TEST_TARGET_NAME = BSBDJ;
			};
			name = Debug;
		};
		92BC52641D6AE61700400B51 /* Release */ = {
			isa = XCBuildConfiguration;
			buildSettings = {
				INFOPLIST_FILE = BSBDJUITests/Info.plist;
				LD_RUNPATH_SEARCH_PATHS = "$(inherited) @executable_path/Frameworks @loader_path/Frameworks";
				PRODUCT_BUNDLE_IDENTIFIER = fzm.BSBDJUITests;
				PRODUCT_NAME = "$(TARGET_NAME)";
				TEST_TARGET_NAME = BSBDJ;
			};
			name = Release;
		};
/* End XCBuildConfiguration section */

/* Begin XCConfigurationList section */
		92BC522A1D6AE61200400B51 /* Build configuration list for PBXProject "BSBDJ" */ = {
			isa = XCConfigurationList;
			buildConfigurations = (
				92BC525A1D6AE61700400B51 /* Debug */,
				92BC525B1D6AE61700400B51 /* Release */,
			);
			defaultConfigurationIsVisible = 0;
			defaultConfigurationName = Release;
		};
		92BC525C1D6AE61700400B51 /* Build configuration list for PBXNativeTarget "BSBDJ" */ = {
			isa = XCConfigurationList;
			buildConfigurations = (
				92BC525D1D6AE61700400B51 /* Debug */,
				92BC525E1D6AE61700400B51 /* Release */,
			);
			defaultConfigurationIsVisible = 0;
			defaultConfigurationName = Release;
		};
		92BC525F1D6AE61700400B51 /* Build configuration list for PBXNativeTarget "BSBDJTests" */ = {
			isa = XCConfigurationList;
			buildConfigurations = (
				92BC52601D6AE61700400B51 /* Debug */,
				92BC52611D6AE61700400B51 /* Release */,
			);
			defaultConfigurationIsVisible = 0;
			defaultConfigurationName = Release;
		};
		92BC52621D6AE61700400B51 /* Build configuration list for PBXNativeTarget "BSBDJUITests" */ = {
			isa = XCConfigurationList;
			buildConfigurations = (
				92BC52631D6AE61700400B51 /* Debug */,
				92BC52641D6AE61700400B51 /* Release */,
			);
			defaultConfigurationIsVisible = 0;
			defaultConfigurationName = Release;
		};
/* End XCConfigurationList section */
	};
	rootObject = 92BC52271D6AE61200400B51 /* Project object */;
}
